
Microsoft Visual Studio Solution File, Format Version 12.00
# Visual Studio Version 16
VisualStudioVersion = 16.0.29613.14
MinimumVisualStudioVersion = 10.0.40219.1
Project("{FAE04EC0-301F-11D3-BF4B-00C04F79EFBC}") = "Flexi Serial Terminal", "Flexi Serial Terminal\Flexi Serial Terminal.csproj", "{5215C126-05AB-4DA3-B4C0-10DC74748AC9}"
EndProject
Project("{FAE04EC0-301F-11D3-BF4B-00C04F79EFBC}") = "FlexiSerialTerminalSettingsClasses", "FlexiSerialTerminalSettingsClasses\FlexiSerialTerminalSettingsClasses.csproj", "{1796104E-C3B1-4F46-8698-1B3D5BF257EC}"
EndProject
Project("{2150E333-8FDC-42A3-9474-1A3956D46DE8}") = "Solution Items", "Solution Items", "{D866BCF6-D497-4069-824F-697EC355A94C}"
	ProjectSection(SolutionItems) = preProject
		README.md = README.md
	EndProjectSection
EndProject
Global
	GlobalSection(SolutionConfigurationPlatforms) = preSolution
		Debug|Any CPU = Debug|Any CPU
		Release|Any CPU = Release|Any CPU
	EndGlobalSection
	GlobalSection(ProjectConfigurationPlatforms) = postSolution
		{5215C126-05AB-4DA3-B4C0-10DC74748AC9}.Debug|Any CPU.ActiveCfg = Debug|Any CPU
		{5215C126-05AB-4DA3-B4C0-10DC74748AC9}.Debug|Any CPU.Build.0 = Debug|Any CPU
		{5215C126-05AB-4DA3-B4C0-10DC74748AC9}.Release|Any CPU.ActiveCfg = Release|Any CPU
		{5215C126-05AB-4DA3-B4C0-10DC74748AC9}.Release|Any CPU.Build.0 = Release|Any CPU
		{1796104E-C3B1-4F46-8698-1B3D5BF257EC}.Debug|Any CPU.ActiveCfg = Debug|Any CPU
		{1796104E-C3B1-4F46-8698-1B3D5BF257EC}.Debug|Any CPU.Build.0 = Debug|Any CPU
		{1796104E-C3B1-4F46-8698-1B3D5BF257EC}.Release|Any CPU.ActiveCfg = Release|Any CPU
		{1796104E-C3B1-4F46-8698-1B3D5BF257EC}.Release|Any CPU.Build.0 = Release|Any CPU
	EndGlobalSection
	GlobalSection(SolutionProperties) = preSolution
		HideSolutionNode = FALSE
	EndGlobalSection
	GlobalSection(ExtensibilityGlobals) = postSolution
		SolutionGuid = {EC784160-B311-4BA7-A500-9FF467DD6372}
	EndGlobalSection
EndGlobal
